{
    "_meta": {
        "hash": {
            "sha256": "e6cbb05fb7fd4906083457aa153fed93ac3c90237f42814c6ebe26773606378c"
        },
        "pipfile-spec": 6,
        "requires": {
            "python_version": "3.6"
        },
        "sources": [
            {
                "name": "pypi",
                "url": "https://pypi.org/simple",
                "verify_ssl": true
            }
        ]
    },
    "default": {
        "cssselect2": {
            "hashes": [
                "sha256:2f4a9f20965367bae459e3bb42561f7927e0cfe5b7ea1692757cf67ef5d7dace",
                "sha256:93fbb9af860e95dd40bf18c3b2b6ed99189a07c0f29ba76f9c5be71344664ec8"
            ],
            "version": "==0.4.1"
        },
        "lxml": {
            "hashes": [
                "sha256:079f3ae844f38982d156efce585bc540c16a926d4436712cf4baee0cce487a3d",
                "sha256:0fbcf5565ac01dff87cbfc0ff323515c823081c5777a9fc7703ff58388c258c3",
                "sha256:122fba10466c7bd4178b07dba427aa516286b846b2cbd6f6169141917283aae2",
                "sha256:1b38116b6e628118dea5b2186ee6820ab138dbb1e24a13e478490c7db2f326ae",
                "sha256:1b7584d421d254ab86d4f0b13ec662a9014397678a7c4265a02a6d7c2b18a75f",
                "sha256:26e761ab5b07adf5f555ee82fb4bfc35bf93750499c6c7614bd64d12aaa67927",
                "sha256:289e9ca1a9287f08daaf796d96e06cb2bc2958891d7911ac7cae1c5f9e1e0ee3",
                "sha256:2a9d50e69aac3ebee695424f7dbd7b8c6d6eb7de2a2eb6b0f6c7db6aa41e02b7",
                "sha256:3082c518be8e97324390614dacd041bb1358c882d77108ca1957ba47738d9d59",
                "sha256:33bb934a044cf32157c12bfcfbb6649807da20aa92c062ef51903415c704704f",
                "sha256:3439c71103ef0e904ea0a1901611863e51f50b5cd5e8654a151740fde5e1cade",
                "sha256:36108c73739985979bf302006527cf8a20515ce444ba916281d1c43938b8bb96",
                "sha256:39b78571b3b30645ac77b95f7c69d1bffc4cf8c3b157c435a34da72e78c82468",
                "sha256:4289728b5e2000a4ad4ab8da6e1db2e093c63c08bdc0414799ee776a3f78da4b",
                "sha256:4bff24dfeea62f2e56f5bab929b4428ae6caba2d1eea0c2d6eb618e30a71e6d4",
                "sha256:4c61b3a0db43a1607d6264166b230438f85bfed02e8cff20c22e564d0faff354",
                "sha256:542d454665a3e277f76954418124d67516c5f88e51a900365ed54a9806122b83",
                "sha256:5a0a14e264069c03e46f926be0d8919f4105c1623d620e7ec0e612a2e9bf1c04",
                "sha256:5c8c163396cc0df3fd151b927e74f6e4acd67160d6c33304e805b84293351d16",
                "sha256:66e575c62792c3f9ca47cb8b6fab9e35bab91360c783d1606f758761810c9791",
                "sha256:6f12e1427285008fd32a6025e38e977d44d6382cf28e7201ed10d6c1698d2a9a",
                "sha256:74f7d8d439b18fa4c385f3f5dfd11144bb87c1da034a466c5b5577d23a1d9b51",
                "sha256:7610b8c31688f0b1be0ef882889817939490a36d0ee880ea562a4e1399c447a1",
                "sha256:76fa7b1362d19f8fbd3e75fe2fb7c79359b0af8747e6f7141c338f0bee2f871a",
                "sha256:7728e05c35412ba36d3e9795ae8995e3c86958179c9770e65558ec3fdfd3724f",
                "sha256:8157dadbb09a34a6bd95a50690595e1fa0af1a99445e2744110e3dca7831c4ee",
                "sha256:820628b7b3135403540202e60551e741f9b6d3304371712521be939470b454ec",
                "sha256:884ab9b29feaca361f7f88d811b1eea9bfca36cf3da27768d28ad45c3ee6f969",
                "sha256:89b8b22a5ff72d89d48d0e62abb14340d9e99fd637d046c27b8b257a01ffbe28",
                "sha256:92e821e43ad382332eade6812e298dc9701c75fe289f2a2d39c7960b43d1e92a",
                "sha256:b007cbb845b28db4fb8b6a5cdcbf65bacb16a8bd328b53cbc0698688a68e1caa",
                "sha256:bc4313cbeb0e7a416a488d72f9680fffffc645f8a838bd2193809881c67dd106",
                "sha256:bccbfc27563652de7dc9bdc595cb25e90b59c5f8e23e806ed0fd623755b6565d",
                "sha256:c47ff7e0a36d4efac9fd692cfa33fbd0636674c102e9e8d9b26e1b93a94e7617",
                "sha256:c4f05c5a7c49d2fb70223d0d5bcfbe474cf928310ac9fa6a7c6dddc831d0b1d4",
                "sha256:cdaf11d2bd275bf391b5308f86731e5194a21af45fbaaaf1d9e8147b9160ea92",
                "sha256:ce256aaa50f6cc9a649c51be3cd4ff142d67295bfc4f490c9134d0f9f6d58ef0",
                "sha256:d2e35d7bf1c1ac8c538f88d26b396e73dd81440d59c1ef8522e1ea77b345ede4",
                "sha256:d916d31fd85b2f78c76400d625076d9124de3e4bda8b016d25a050cc7d603f24",
                "sha256:df7c53783a46febb0e70f6b05df2ba104610f2fb0d27023409734a3ecbb78fb2",
                "sha256:e1cbd3f19a61e27e011e02f9600837b921ac661f0c40560eefb366e4e4fb275e",
                "sha256:efac139c3f0bf4f0939f9375af4b02c5ad83a622de52d6dfa8e438e8e01d0eb0",
                "sha256:efd7a09678fd8b53117f6bae4fa3825e0a22b03ef0a932e070c0bdbb3a35e654",
                "sha256:f2380a6376dfa090227b663f9678150ef27543483055cc327555fb592c5967e2",
                "sha256:f8380c03e45cf09f8557bdaa41e1fa7c81f3ae22828e1db470ab2a6c96d8bc23",
                "sha256:f90ba11136bfdd25cae3951af8da2e95121c9b9b93727b1b896e3fa105b2f586"
            ],
            "version": "==4.6.3"
        },
        "pillow": {
            "hashes": [
                "sha256:01425106e4e8cee195a411f729cff2a7d61813b0b11737c12bd5991f5f14bcd5",
                "sha256:031a6c88c77d08aab84fecc05c3cde8414cd6f8406f4d2b16fed1e97634cc8a4",
                "sha256:083781abd261bdabf090ad07bb69f8f5599943ddb539d64497ed021b2a67e5a9",
                "sha256:0d19d70ee7c2ba97631bae1e7d4725cdb2ecf238178096e8c82ee481e189168a",
                "sha256:0e04d61f0064b545b989126197930807c86bcbd4534d39168f4aa5fda39bb8f9",
                "sha256:12e5e7471f9b637762453da74e390e56cc43e486a88289995c1f4c1dc0bfe727",
                "sha256:22fd0f42ad15dfdde6c581347eaa4adb9a6fc4b865f90b23378aa7914895e120",
                "sha256:238c197fc275b475e87c1453b05b467d2d02c2915fdfdd4af126145ff2e4610c",
                "sha256:3b570f84a6161cf8865c4e08adf629441f56e32f180f7aa4ccbd2e0a5a02cba2",
                "sha256:463822e2f0d81459e113372a168f2ff59723e78528f91f0bd25680ac185cf797",
                "sha256:4d98abdd6b1e3bf1a1cbb14c3895226816e666749ac040c4e2554231068c639b",
                "sha256:5afe6b237a0b81bd54b53f835a153770802f164c5570bab5e005aad693dab87f",
                "sha256:5b70110acb39f3aff6b74cf09bb4169b167e2660dabc304c1e25b6555fa781ef",
                "sha256:5cbf3e3b1014dddc45496e8cf38b9f099c95a326275885199f427825c6522232",
                "sha256:624b977355cde8b065f6d51b98497d6cd5fbdd4f36405f7a8790e3376125e2bb",
                "sha256:63728564c1410d99e6d1ae8e3b810fe012bc440952168af0a2877e8ff5ab96b9",
                "sha256:66cc56579fd91f517290ab02c51e3a80f581aba45fd924fcdee01fa06e635812",
                "sha256:6c32cc3145928c4305d142ebec682419a6c0a8ce9e33db900027ddca1ec39178",
                "sha256:8bb1e155a74e1bfbacd84555ea62fa21c58e0b4e7e6b20e4447b8d07990ac78b",
                "sha256:95d5ef984eff897850f3a83883363da64aae1000e79cb3c321915468e8c6add5",
                "sha256:a013cbe25d20c2e0c4e85a9daf438f85121a4d0344ddc76e33fd7e3965d9af4b",
                "sha256:a787ab10d7bb5494e5f76536ac460741788f1fbce851068d73a87ca7c35fc3e1",
                "sha256:a7d5e9fad90eff8f6f6106d3b98b553a88b6f976e51fce287192a5d2d5363713",
                "sha256:aac00e4bc94d1b7813fe882c28990c1bc2f9d0e1aa765a5f2b516e8a6a16a9e4",
                "sha256:b91c36492a4bbb1ee855b7d16fe51379e5f96b85692dc8210831fbb24c43e484",
                "sha256:c03c07ed32c5324939b19e36ae5f75c660c81461e312a41aea30acdd46f93a7c",
                "sha256:c5236606e8570542ed424849f7852a0ff0bce2c4c8d0ba05cc202a5a9c97dee9",
                "sha256:c6b39294464b03457f9064e98c124e09008b35a62e3189d3513e5148611c9388",
                "sha256:cb7a09e173903541fa888ba010c345893cd9fc1b5891aaf060f6ca77b6a3722d",
                "sha256:d68cb92c408261f806b15923834203f024110a2e2872ecb0bd2a110f89d3c602",
                "sha256:dc38f57d8f20f06dd7c3161c59ca2c86893632623f33a42d592f097b00f720a9",
                "sha256:e98eca29a05913e82177b3ba3d198b1728e164869c613d76d0de4bde6768a50e",
                "sha256:f217c3954ce5fd88303fc0c317af55d5e0204106d86dea17eb8205700d47dec2"
            ],
            "version": "==8.2.0"
        },
        "reportlab": {
            "hashes": [
                "sha256:149f0eeb4ea716441638b05fd6d3667d32f1463f3eac50b63e100a73a5533cdd",
                "sha256:1aa9a2e1a87749db265b592ad25e498b39f70fce9f53a012cdf69f74259b6e43",
                "sha256:1f5ce489adb2db2862249492e6367539cfa65b781cb06dcf13363dc52219be7e",
                "sha256:23b28ba1784a6c52a926c075abd9f396d03670e71934b24db5ff684f8b870e0f",
                "sha256:3d3de0f4facdd7e3c56ecbc55733a958b86c35a8e7ba6066c7b1ba383e282f58",
                "sha256:484d346b8f463ba2ddaf6d365c6ac5971cd062528b6d5ba68cac02b9435366c5",
                "sha256:4da2467def21f2e20720b21f6c18e7f7866720a955c716b990e94e3979fe913f",
                "sha256:5ebdf22daee7d8e630134d94f477fe6abd65a65449d4eec682a7b458b5249604",
                "sha256:655a1b68be18a73fec5233fb5d81f726b4db32269e487aecf5b6853cca926d86",
                "sha256:6c535a304888dafe50c2c24d4924aeefc11e0542488ee6965f6133d415e86bbc",
                "sha256:7560ef655ac6448bb257fd34bfdfb8d546f9c7c0900ed8963fb8509f75e8ca80",
                "sha256:7a1c2fa3e6310dbe47efee2020dc0f25be7a75ff09a8fedc4a87d4397f3810c1",
                "sha256:817c344b9aa53b5bfc2f58ff82111a1e85ca4c8b68d1add088b547360a6ebcfa",
                "sha256:81d950e398d6758aeaeeb267aa1a62940735414c980f77dd0a270cef1782a43d",
                "sha256:83ef44936ef4e9c432d62bc2b72ec8d772b87af319d123e827a72e9b6884c851",
                "sha256:9f975adc2c7a236403f0bc91d7a3916e644e47b1f1e3990325f15e73b83581ec",
                "sha256:a5ca59e2b7e70a856de6db9dadd3e11a1b3b471c999585284d5c1d479c01cf5d",
                "sha256:ad2cf5a673c05fae9e91e987994b95205c13c5fa55d7393cf8b06f9de6f92990",
                "sha256:b8c3d76276372f87b7c8ff22065dbc072cca5ffb06ba0267edc298df7acf942d",
                "sha256:b93f7f908e916d9413dd8c04da1ccb3977e446803f59078424decdc0de449133",
                "sha256:c0ecd0af92c759edec0d24ba92f4a18c28d4a19229ae7c8249f94e82f3d76288",
                "sha256:c9e38eefc90a02c072a87a627ff66b2d67c23f6f82274d2aa7fb28e644e8f409",
                "sha256:ca2a1592d2e181a04372d0276ee847308ea206dfe7c86fe94769e7ac126e6e85",
                "sha256:ce1dfc9beec83e66250ca3afaf5ddf6b9a3ce70a30a9526dec7c6bec3266baf1",
                "sha256:d3550c90751132b26b72a78954905974f33b1237335fbe0d8be957f9636c376a",
                "sha256:e35a574f4e5ec0fdd5dc354e74ec143d853abd7f76db435ffe2a57d0161a22eb",
                "sha256:ee5cafca6ef1a38fef8cbf3140dd2198ad1ee82331530b546039216ef94f93cb",
                "sha256:fa1c969176cb3594a785c6818bcb943ebd49453791f702380b13a35fa23b385a"
            ],
            "index": "pypi",
            "version": "==3.5.32"
        },
        "svglib": {
            "hashes": [
                "sha256:76585caf5800823f93c150098876ba85d2f6925947122b28a3780bb94e5bf180"
            ],
            "index": "pypi",
            "version": "==0.9.4"
        },
        "tinycss2": {
            "hashes": [
                "sha256:0353b5234bcaee7b1ac7ca3dea7e02cd338a9f8dcbb8f2dcd32a5795ec1e5f9a",
                "sha256:fbdcac3044d60eb85fdb2aa840ece43cf7dbe798e373e6ee0be545d4d134e18a"
            ],
            "version": "==1.1.0"
        },
        "tqdm": {
            "hashes": [
                "sha256:166a82cdea964ae45528e0cc89436255ff2be73dc848bdf239f13c501cae5dc7",
                "sha256:9036904496bd2afacf836a6f206c5a766ce11d3e9319d54a4e794c0f34b111dc"
            ],
            "index": "pypi",
            "version": "==4.41.0"
        },
        "webencodings": {
            "hashes": [
                "sha256:a0af1213f3c2226497a97e2b3aa01a7e4bee4f403f95be16fc9acd2947514a78",
                "sha256:b36a1c245f2d304965eb4e0a82848379241dc04b865afcc4aab16748587e1923"
            ],
            "version": "==0.5.1"
        }
    },
    "develop": {}
}
